// !$*UTF8*$!
{
	archiveVersion = 1;
	classes = {
	};
	objectVersion = 56;
	objects = {

/* Begin PBXBuildFile section */
		A7442F632B1277B00063B2B3 /* SettleView.swift in Sources */ = {isa = PBXBuildFile; fileRef = A7442F622B1277B00063B2B3 /* SettleView.swift */; };
		A7442F652B12E8DD0063B2B3 /* Settlement.swift in Sources */ = {isa = PBXBuildFile; fileRef = A7442F642B12E8DD0063B2B3 /* Settlement.swift */; };
		A780AE172B05CCB5007C85AB /* GroupsView.swift in Sources */ = {isa = PBXBuildFile; fileRef = A780AE162B05CCB5007C85AB /* GroupsView.swift */; };
		A780AE192B05F9AE007C85AB /* AddGroupView.swift in Sources */ = {isa = PBXBuildFile; fileRef = A780AE182B05F9AE007C85AB /* AddGroupView.swift */; };
		A780AE1B2B07F9F1007C85AB /* Person.swift in Sources */ = {isa = PBXBuildFile; fileRef = A780AE1A2B07F9F1007C85AB /* Person.swift */; };
		A780AE1E2B080372007C85AB /* GroupsPage.swift in Sources */ = {isa = PBXBuildFile; fileRef = A780AE1D2B080372007C85AB /* GroupsPage.swift */; };
		A78F2DF72B03EF2600DE5C99 /* ExpenseTrackApp.swift in Sources */ = {isa = PBXBuildFile; fileRef = A78F2DF62B03EF2600DE5C99 /* ExpenseTrackApp.swift */; };
		A78F2DF92B03EF2600DE5C99 /* ContentView.swift in Sources */ = {isa = PBXBuildFile; fileRef = A78F2DF82B03EF2600DE5C99 /* ContentView.swift */; };
		A78F2DFB2B03EF2600DE5C99 /* Item.swift in Sources */ = {isa = PBXBuildFile; fileRef = A78F2DFA2B03EF2600DE5C99 /* Item.swift */; };
		A78F2DFD2B03EF2800DE5C99 /* Assets.xcassets in Resources */ = {isa = PBXBuildFile; fileRef = A78F2DFC2B03EF2800DE5C99 /* Assets.xcassets */; };
		A78F2E002B03EF2800DE5C99 /* Preview Assets.xcassets in Resources */ = {isa = PBXBuildFile; fileRef = A78F2DFF2B03EF2800DE5C99 /* Preview Assets.xcassets */; };
		A78F2E0A2B03EF2800DE5C99 /* ExpenseTrackTests.swift in Sources */ = {isa = PBXBuildFile; fileRef = A78F2E092B03EF2800DE5C99 /* ExpenseTrackTests.swift */; };
		A78F2E142B03EF2800DE5C99 /* ExpenseTrackUITests.swift in Sources */ = {isa = PBXBuildFile; fileRef = A78F2E132B03EF2800DE5C99 /* ExpenseTrackUITests.swift */; };
		A78F2E162B03EF2800DE5C99 /* ExpenseTrackUITestsLaunchTests.swift in Sources */ = {isa = PBXBuildFile; fileRef = A78F2E152B03EF2800DE5C99 /* ExpenseTrackUITestsLaunchTests.swift */; };
		A78F2E252B03F47D00DE5C99 /* Group.swift in Sources */ = {isa = PBXBuildFile; fileRef = A78F2E242B03F47D00DE5C99 /* Group.swift */; };
		A78F2E272B03F9D400DE5C99 /* Expense.swift in Sources */ = {isa = PBXBuildFile; fileRef = A78F2E262B03F9D400DE5C99 /* Expense.swift */; };
		A7B18DE32B19414500113AC3 /* SettleViewVM.swift in Sources */ = {isa = PBXBuildFile; fileRef = A7B18DE22B19414500113AC3 /* SettleViewVM.swift */; };
		A7B18DE52B1941E500113AC3 /* CustomSplitViewVM.swift in Sources */ = {isa = PBXBuildFile; fileRef = A7B18DE42B1941E500113AC3 /* CustomSplitViewVM.swift */; };
		A7B18DE72B19422600113AC3 /* AddExpenseVM.swift in Sources */ = {isa = PBXBuildFile; fileRef = A7B18DE62B19422600113AC3 /* AddExpenseVM.swift */; };
		A7B18DE92B19426400113AC3 /* AddGroupVM.swift in Sources */ = {isa = PBXBuildFile; fileRef = A7B18DE82B19426400113AC3 /* AddGroupVM.swift */; };
		A7CEDDC02B08444000D04FCA /* ExpensesView.swift in Sources */ = {isa = PBXBuildFile; fileRef = A7CEDDBF2B08444000D04FCA /* ExpensesView.swift */; };
		A7CEDDC22B08562700D04FCA /* AddExpenseView.swift in Sources */ = {isa = PBXBuildFile; fileRef = A7CEDDC12B08562700D04FCA /* AddExpenseView.swift */; };
		A7CEDDC42B09925B00D04FCA /* ExpensePage.swift in Sources */ = {isa = PBXBuildFile; fileRef = A7CEDDC32B09925B00D04FCA /* ExpensePage.swift */; };
		A7CEDDC62B0BF44900D04FCA /* SplitTextFieldView.swift in Sources */ = {isa = PBXBuildFile; fileRef = A7CEDDC52B0BF44900D04FCA /* SplitTextFieldView.swift */; };
		A7CEDDC82B0C257500D04FCA /* CustomSplitView.swift in Sources */ = {isa = PBXBuildFile; fileRef = A7CEDDC72B0C257500D04FCA /* CustomSplitView.swift */; };
		A7CEDDCC2B0E997200D04FCA /* Currency.swift in Sources */ = {isa = PBXBuildFile; fileRef = A7CEDDCB2B0E997200D04FCA /* Currency.swift */; };
		A7CEDDCE2B0FF3CF00D04FCA /* SplitModel.swift in Sources */ = {isa = PBXBuildFile; fileRef = A7CEDDCD2B0FF3CF00D04FCA /* SplitModel.swift */; };
/* End PBXBuildFile section */

/* Begin PBXContainerItemProxy section */
		A78F2E062B03EF2800DE5C99 /* PBXContainerItemProxy */ = {
			isa = PBXContainerItemProxy;
			containerPortal = A78F2DEB2B03EF2600DE5C99 /* Project object */;
			proxyType = 1;
			remoteGlobalIDString = A78F2DF22B03EF2600DE5C99;
			remoteInfo = ExpenseTrack;
		};
		A78F2E102B03EF2800DE5C99 /* PBXContainerItemProxy */ = {
			isa = PBXContainerItemProxy;
			containerPortal = A78F2DEB2B03EF2600DE5C99 /* Project object */;
			proxyType = 1;
			remoteGlobalIDString = A78F2DF22B03EF2600DE5C99;
			remoteInfo = ExpenseTrack;
		};
/* End PBXContainerItemProxy section */

/* Begin PBXFileReference section */
		A7442F622B1277B00063B2B3 /* SettleView.swift */ = {isa = PBXFileReference; lastKnownFileType = sourcecode.swift; path = SettleView.swift; sourceTree = "<group>"; };
		A7442F642B12E8DD0063B2B3 /* Settlement.swift */ = {isa = PBXFileReference; lastKnownFileType = sourcecode.swift; path = Settlement.swift; sourceTree = "<group>"; };
		A780AE162B05CCB5007C85AB /* GroupsView.swift */ = {isa = PBXFileReference; lastKnownFileType = sourcecode.swift; path = GroupsView.swift; sourceTree = "<group>"; };
		A780AE182B05F9AE007C85AB /* AddGroupView.swift */ = {isa = PBXFileReference; lastKnownFileType = sourcecode.swift; path = AddGroupView.swift; sourceTree = "<group>"; };
		A780AE1A2B07F9F1007C85AB /* Person.swift */ = {isa = PBXFileReference; lastKnownFileType = sourcecode.swift; path = Person.swift; sourceTree = "<group>"; };
		A780AE1D2B080372007C85AB /* GroupsPage.swift */ = {isa = PBXFileReference; lastKnownFileType = sourcecode.swift; path = GroupsPage.swift; sourceTree = "<group>"; };
		A78F2DF32B03EF2600DE5C99 /* ExpenseTrack.app */ = {isa = PBXFileReference; explicitFileType = wrapper.application; includeInIndex = 0; path = ExpenseTrack.app; sourceTree = BUILT_PRODUCTS_DIR; };
		A78F2DF62B03EF2600DE5C99 /* ExpenseTrackApp.swift */ = {isa = PBXFileReference; lastKnownFileType = sourcecode.swift; path = ExpenseTrackApp.swift; sourceTree = "<group>"; };
		A78F2DF82B03EF2600DE5C99 /* ContentView.swift */ = {isa = PBXFileReference; lastKnownFileType = sourcecode.swift; path = ContentView.swift; sourceTree = "<group>"; };
		A78F2DFA2B03EF2600DE5C99 /* Item.swift */ = {isa = PBXFileReference; lastKnownFileType = sourcecode.swift; path = Item.swift; sourceTree = "<group>"; };
		A78F2DFC2B03EF2800DE5C99 /* Assets.xcassets */ = {isa = PBXFileReference; lastKnownFileType = folder.assetcatalog; path = Assets.xcassets; sourceTree = "<group>"; };
		A78F2DFF2B03EF2800DE5C99 /* Preview Assets.xcassets */ = {isa = PBXFileReference; lastKnownFileType = folder.assetcatalog; path = "Preview Assets.xcassets"; sourceTree = "<group>"; };
		A78F2E052B03EF2800DE5C99 /* ExpenseTrackTests.xctest */ = {isa = PBXFileReference; explicitFileType = wrapper.cfbundle; includeInIndex = 0; path = ExpenseTrackTests.xctest; sourceTree = BUILT_PRODUCTS_DIR; };
		A78F2E092B03EF2800DE5C99 /* ExpenseTrackTests.swift */ = {isa = PBXFileReference; lastKnownFileType = sourcecode.swift; path = ExpenseTrackTests.swift; sourceTree = "<group>"; };
		A78F2E0F2B03EF2800DE5C99 /* ExpenseTrackUITests.xctest */ = {isa = PBXFileReference; explicitFileType = wrapper.cfbundle; includeInIndex = 0; path = ExpenseTrackUITests.xctest; sourceTree = BUILT_PRODUCTS_DIR; };
		A78F2E132B03EF2800DE5C99 /* ExpenseTrackUITests.swift */ = {isa = PBXFileReference; lastKnownFileType = sourcecode.swift; path = ExpenseTrackUITests.swift; sourceTree = "<group>"; };
		A78F2E152B03EF2800DE5C99 /* ExpenseTrackUITestsLaunchTests.swift */ = {isa = PBXFileReference; lastKnownFileType = sourcecode.swift; path = ExpenseTrackUITestsLaunchTests.swift; sourceTree = "<group>"; };
		A78F2E242B03F47D00DE5C99 /* Group.swift */ = {isa = PBXFileReference; lastKnownFileType = sourcecode.swift; path = Group.swift; sourceTree = "<group>"; };
		A78F2E262B03F9D400DE5C99 /* Expense.swift */ = {isa = PBXFileReference; lastKnownFileType = sourcecode.swift; path = Expense.swift; sourceTree = "<group>"; };
		A7B18DE22B19414500113AC3 /* SettleViewVM.swift */ = {isa = PBXFileReference; lastKnownFileType = sourcecode.swift; path = SettleViewVM.swift; sourceTree = SOURCE_ROOT; };
		A7B18DE42B1941E500113AC3 /* CustomSplitViewVM.swift */ = {isa = PBXFileReference; lastKnownFileType = sourcecode.swift; path = CustomSplitViewVM.swift; sourceTree = SOURCE_ROOT; };
		A7B18DE62B19422600113AC3 /* AddExpenseVM.swift */ = {isa = PBXFileReference; lastKnownFileType = sourcecode.swift; path = AddExpenseVM.swift; sourceTree = SOURCE_ROOT; };
		A7B18DE82B19426400113AC3 /* AddGroupVM.swift */ = {isa = PBXFileReference; lastKnownFileType = sourcecode.swift; path = AddGroupVM.swift; sourceTree = SOURCE_ROOT; };
		A7CEDDBF2B08444000D04FCA /* ExpensesView.swift */ = {isa = PBXFileReference; lastKnownFileType = sourcecode.swift; path = ExpensesView.swift; sourceTree = "<group>"; };
		A7CEDDC12B08562700D04FCA /* AddExpenseView.swift */ = {isa = PBXFileReference; lastKnownFileType = sourcecode.swift; path = AddExpenseView.swift; sourceTree = "<group>"; };
		A7CEDDC32B09925B00D04FCA /* ExpensePage.swift */ = {isa = PBXFileReference; lastKnownFileType = sourcecode.swift; path = ExpensePage.swift; sourceTree = "<group>"; };
		A7CEDDC52B0BF44900D04FCA /* SplitTextFieldView.swift */ = {isa = PBXFileReference; lastKnownFileType = sourcecode.swift; path = SplitTextFieldView.swift; sourceTree = "<group>"; };
		A7CEDDC72B0C257500D04FCA /* CustomSplitView.swift */ = {isa = PBXFileReference; lastKnownFileType = sourcecode.swift; path = CustomSplitView.swift; sourceTree = "<group>"; };
		A7CEDDCB2B0E997200D04FCA /* Currency.swift */ = {isa = PBXFileReference; lastKnownFileType = sourcecode.swift; path = Currency.swift; sourceTree = "<group>"; };
		A7CEDDCD2B0FF3CF00D04FCA /* SplitModel.swift */ = {isa = PBXFileReference; lastKnownFileType = sourcecode.swift; path = SplitModel.swift; sourceTree = "<group>"; };
/* End PBXFileReference section */

/* Begin PBXFrameworksBuildPhase section */
		A78F2DF02B03EF2600DE5C99 /* Frameworks */ = {
			isa = PBXFrameworksBuildPhase;
			buildActionMask = 2147483647;
			files = (
			);
			runOnlyForDeploymentPostprocessing = 0;
		};
		A78F2E022B03EF2800DE5C99 /* Frameworks */ = {
			isa = PBXFrameworksBuildPhase;
			buildActionMask = 2147483647;
			files = (
			);
			runOnlyForDeploymentPostprocessing = 0;
		};
		A78F2E0C2B03EF2800DE5C99 /* Frameworks */ = {
			isa = PBXFrameworksBuildPhase;
			buildActionMask = 2147483647;
			files = (
			);
			runOnlyForDeploymentPostprocessing = 0;
		};
/* End PBXFrameworksBuildPhase section */

/* Begin PBXGroup section */
		A780AE1C2B08035A007C85AB /* Pages */ = {
			isa = PBXGroup;
			children = (
				A780AE1D2B080372007C85AB /* GroupsPage.swift */,
				A7CEDDC32B09925B00D04FCA /* ExpensePage.swift */,
			);
			path = Pages;
			sourceTree = "<group>";
		};
		A780AE1F2B080541007C85AB /* ViewModels */ = {
			isa = PBXGroup;
			children = (
				A7B18DE22B19414500113AC3 /* SettleViewVM.swift */,
				A7B18DE42B1941E500113AC3 /* CustomSplitViewVM.swift */,
				A7B18DE62B19422600113AC3 /* AddExpenseVM.swift */,
				A7B18DE82B19426400113AC3 /* AddGroupVM.swift */,
			);
			path = ViewModels;
			sourceTree = "<group>";
		};
		A78F2DEA2B03EF2600DE5C99 = {
			isa = PBXGroup;
			children = (
				A78F2DF52B03EF2600DE5C99 /* ExpenseTrack */,
				A78F2E082B03EF2800DE5C99 /* ExpenseTrackTests */,
				A78F2E122B03EF2800DE5C99 /* ExpenseTrackUITests */,
				A78F2DF42B03EF2600DE5C99 /* Products */,
			);
			sourceTree = "<group>";
		};
		A78F2DF42B03EF2600DE5C99 /* Products */ = {
			isa = PBXGroup;
			children = (
				A78F2DF32B03EF2600DE5C99 /* ExpenseTrack.app */,
				A78F2E052B03EF2800DE5C99 /* ExpenseTrackTests.xctest */,
				A78F2E0F2B03EF2800DE5C99 /* ExpenseTrackUITests.xctest */,
			);
			name = Products;
			sourceTree = "<group>";
		};
		A78F2DF52B03EF2600DE5C99 /* ExpenseTrack */ = {
			isa = PBXGroup;
			children = (
				A780AE1F2B080541007C85AB /* ViewModels */,
				A780AE1C2B08035A007C85AB /* Pages */,
				A78F2E232B03EF9500DE5C99 /* Models */,
				A78F2E222B03EF6800DE5C99 /* Views */,
				A78F2DF62B03EF2600DE5C99 /* ExpenseTrackApp.swift */,
				A78F2DF82B03EF2600DE5C99 /* ContentView.swift */,
				A78F2DFA2B03EF2600DE5C99 /* Item.swift */,
				A78F2DFC2B03EF2800DE5C99 /* Assets.xcassets */,
				A78F2DFE2B03EF2800DE5C99 /* Preview Content */,
			);
			path = ExpenseTrack;
			sourceTree = "<group>";
		};
		A78F2DFE2B03EF2800DE5C99 /* Preview Content */ = {
			isa = PBXGroup;
			children = (
				A78F2DFF2B03EF2800DE5C99 /* Preview Assets.xcassets */,
			);
			path = "Preview Content";
			sourceTree = "<group>";
		};
		A78F2E082B03EF2800DE5C99 /* ExpenseTrackTests */ = {
			isa = PBXGroup;
			children = (
				A78F2E092B03EF2800DE5C99 /* ExpenseTrackTests.swift */,
			);
			path = ExpenseTrackTests;
			sourceTree = "<group>";
		};
		A78F2E122B03EF2800DE5C99 /* ExpenseTrackUITests */ = {
			isa = PBXGroup;
			children = (
				A78F2E132B03EF2800DE5C99 /* ExpenseTrackUITests.swift */,
				A78F2E152B03EF2800DE5C99 /* ExpenseTrackUITestsLaunchTests.swift */,
			);
			path = ExpenseTrackUITests;
			sourceTree = "<group>";
		};
		A78F2E222B03EF6800DE5C99 /* Views */ = {
			isa = PBXGroup;
			children = (
				A780AE162B05CCB5007C85AB /* GroupsView.swift */,
				A780AE182B05F9AE007C85AB /* AddGroupView.swift */,
				A7CEDDBF2B08444000D04FCA /* ExpensesView.swift */,
				A7CEDDC12B08562700D04FCA /* AddExpenseView.swift */,
				A7CEDDC52B0BF44900D04FCA /* SplitTextFieldView.swift */,
				A7CEDDC72B0C257500D04FCA /* CustomSplitView.swift */,
				A7442F622B1277B00063B2B3 /* SettleView.swift */,
			);
			path = Views;
			sourceTree = "<group>";
		};
		A78F2E232B03EF9500DE5C99 /* Models */ = {
			isa = PBXGroup;
			children = (
				A78F2E242B03F47D00DE5C99 /* Group.swift */,
				A78F2E262B03F9D400DE5C99 /* Expense.swift */,
				A780AE1A2B07F9F1007C85AB /* Person.swift */,
				A7CEDDCB2B0E997200D04FCA /* Currency.swift */,
				A7CEDDCD2B0FF3CF00D04FCA /* SplitModel.swift */,
				A7442F642B12E8DD0063B2B3 /* Settlement.swift */,
			);
			path = Models;
			sourceTree = "<group>";
		};
/* End PBXGroup section */

/* Begin PBXNativeTarget section */
		A78F2DF22B03EF2600DE5C99 /* ExpenseTrack */ = {
			isa = PBXNativeTarget;
			buildConfigurationList = A78F2E192B03EF2800DE5C99 /* Build configuration list for PBXNativeTarget "ExpenseTrack" */;
			buildPhases = (
				A78F2DEF2B03EF2600DE5C99 /* Sources */,
				A78F2DF02B03EF2600DE5C99 /* Frameworks */,
				A78F2DF12B03EF2600DE5C99 /* Resources */,
			);
			buildRules = (
			);
			dependencies = (
			);
			name = ExpenseTrack;
			productName = ExpenseTrack;
			productReference = A78F2DF32B03EF2600DE5C99 /* ExpenseTrack.app */;
			productType = "com.apple.product-type.application";
		};
		A78F2E042B03EF2800DE5C99 /* ExpenseTrackTests */ = {
			isa = PBXNativeTarget;
			buildConfigurationList = A78F2E1C2B03EF2800DE5C99 /* Build configuration list for PBXNativeTarget "ExpenseTrackTests" */;
			buildPhases = (
				A78F2E012B03EF2800DE5C99 /* Sources */,
				A78F2E022B03EF2800DE5C99 /* Frameworks */,
				A78F2E032B03EF2800DE5C99 /* Resources */,
			);
			buildRules = (
			);
			dependencies = (
				A78F2E072B03EF2800DE5C99 /* PBXTargetDependency */,
			);
			name = ExpenseTrackTests;
			productName = ExpenseTrackTests;
			productReference = A78F2E052B03EF2800DE5C99 /* ExpenseTrackTests.xctest */;
			productType = "com.apple.product-type.bundle.unit-test";
		};
		A78F2E0E2B03EF2800DE5C99 /* ExpenseTrackUITests */ = {
			isa = PBXNativeTarget;
			buildConfigurationList = A78F2E1F2B03EF2800DE5C99 /* Build configuration list for PBXNativeTarget "ExpenseTrackUITests" */;
			buildPhases = (
				A78F2E0B2B03EF2800DE5C99 /* Sources */,
				A78F2E0C2B03EF2800DE5C99 /* Frameworks */,
				A78F2E0D2B03EF2800DE5C99 /* Resources */,
			);
			buildRules = (
			);
			dependencies = (
				A78F2E112B03EF2800DE5C99 /* PBXTargetDependency */,
			);
			name = ExpenseTrackUITests;
			productName = ExpenseTrackUITests;
			productReference = A78F2E0F2B03EF2800DE5C99 /* ExpenseTrackUITests.xctest */;
			productType = "com.apple.product-type.bundle.ui-testing";
		};
/* End PBXNativeTarget section */

/* Begin PBXProject section */
		A78F2DEB2B03EF2600DE5C99 /* Project object */ = {
			isa = PBXProject;
			attributes = {
				BuildIndependentTargetsInParallel = 1;
				LastSwiftUpdateCheck = 1500;
				LastUpgradeCheck = 1500;
				TargetAttributes = {
					A78F2DF22B03EF2600DE5C99 = {
						CreatedOnToolsVersion = 15.0.1;
					};
					A78F2E042B03EF2800DE5C99 = {
						CreatedOnToolsVersion = 15.0.1;
						TestTargetID = A78F2DF22B03EF2600DE5C99;
					};
					A78F2E0E2B03EF2800DE5C99 = {
						CreatedOnToolsVersion = 15.0.1;
						TestTargetID = A78F2DF22B03EF2600DE5C99;
					};
				};
			};
			buildConfigurationList = A78F2DEE2B03EF2600DE5C99 /* Build configuration list for PBXProject "ExpenseTrack" */;
			compatibilityVersion = "Xcode 14.0";
			developmentRegion = en;
			hasScannedForEncodings = 0;
			knownRegions = (
				en,
				Base,
			);
			mainGroup = A78F2DEA2B03EF2600DE5C99;
			productRefGroup = A78F2DF42B03EF2600DE5C99 /* Products */;
			projectDirPath = "";
			projectRoot = "";
			targets = (
				A78F2DF22B03EF2600DE5C99 /* ExpenseTrack */,
				A78F2E042B03EF2800DE5C99 /* ExpenseTrackTests */,
				A78F2E0E2B03EF2800DE5C99 /* ExpenseTrackUITests */,
			);
		};
/* End PBXProject section */

/* Begin PBXResourcesBuildPhase section */
		A78F2DF12B03EF2600DE5C99 /* Resources */ = {
			isa = PBXResourcesBuildPhase;
			buildActionMask = 2147483647;
			files = (
				A78F2E002B03EF2800DE5C99 /* Preview Assets.xcassets in Resources */,
				A78F2DFD2B03EF2800DE5C99 /* Assets.xcassets in Resources */,
			);
			runOnlyForDeploymentPostprocessing = 0;
		};
		A78F2E032B03EF2800DE5C99 /* Resources */ = {
			isa = PBXResourcesBuildPhase;
			buildActionMask = 2147483647;
			files = (
			);
			runOnlyForDeploymentPostprocessing = 0;
		};
		A78F2E0D2B03EF2800DE5C99 /* Resources */ = {
			isa = PBXResourcesBuildPhase;
			buildActionMask = 2147483647;
			files = (
			);
			runOnlyForDeploymentPostprocessing = 0;
		};
/* End PBXResourcesBuildPhase section */

/* Begin PBXSourcesBuildPhase section */
		A78F2DEF2B03EF2600DE5C99 /* Sources */ = {
			isa = PBXSourcesBuildPhase;
			buildActionMask = 2147483647;
			files = (
				A7CEDDC22B08562700D04FCA /* AddExpenseView.swift in Sources */,
				A7442F632B1277B00063B2B3 /* SettleView.swift in Sources */,
				A7CEDDC42B09925B00D04FCA /* ExpensePage.swift in Sources */,
				A780AE172B05CCB5007C85AB /* GroupsView.swift in Sources */,
				A7CEDDCE2B0FF3CF00D04FCA /* SplitModel.swift in Sources */,
				A78F2DF92B03EF2600DE5C99 /* ContentView.swift in Sources */,
				A7B18DE32B19414500113AC3 /* SettleViewVM.swift in Sources */,
				A7CEDDCC2B0E997200D04FCA /* Currency.swift in Sources */,
				A7CEDDC82B0C257500D04FCA /* CustomSplitView.swift in Sources */,
				A78F2DFB2B03EF2600DE5C99 /* Item.swift in Sources */,
				A7CEDDC02B08444000D04FCA /* ExpensesView.swift in Sources */,
				A78F2DF72B03EF2600DE5C99 /* ExpenseTrackApp.swift in Sources */,
				A780AE192B05F9AE007C85AB /* AddGroupView.swift in Sources */,
				A780AE1E2B080372007C85AB /* GroupsPage.swift in Sources */,
				A7CEDDC62B0BF44900D04FCA /* SplitTextFieldView.swift in Sources */,
				A7B18DE52B1941E500113AC3 /* CustomSplitViewVM.swift in Sources */,
				A7442F652B12E8DD0063B2B3 /* Settlement.swift in Sources */,
				A78F2E252B03F47D00DE5C99 /* Group.swift in Sources */,
				A7B18DE72B19422600113AC3 /* AddExpenseVM.swift in Sources */,
				A780AE1B2B07F9F1007C85AB /* Person.swift in Sources */,
				A7B18DE92B19426400113AC3 /* AddGroupVM.swift in Sources */,
				A78F2E272B03F9D400DE5C99 /* Expense.swift in Sources */,
			);
			runOnlyForDeploymentPostprocessing = 0;
		};
		A78F2E012B03EF2800DE5C99 /* Sources */ = {
			isa = PBXSourcesBuildPhase;
			buildActionMask = 2147483647;
			files = (
				A78F2E0A2B03EF2800DE5C99 /* ExpenseTrackTests.swift in Sources */,
			);
			runOnlyForDeploymentPostprocessing = 0;
		};
		A78F2E0B2B03EF2800DE5C99 /* Sources */ = {
			isa = PBXSourcesBuildPhase;
			buildActionMask = 2147483647;
			files = (
				A78F2E142B03EF2800DE5C99 /* ExpenseTrackUITests.swift in Sources */,
				A78F2E162B03EF2800DE5C99 /* ExpenseTrackUITestsLaunchTests.swift in Sources */,
			);
			runOnlyForDeploymentPostprocessing = 0;
		};
/* End PBXSourcesBuildPhase section */

/* Begin PBXTargetDependency section */
		A78F2E072B03EF2800DE5C99 /* PBXTargetDependency */ = {
			isa = PBXTargetDependency;
			target = A78F2DF22B03EF2600DE5C99 /* ExpenseTrack */;
			targetProxy = A78F2E062B03EF2800DE5C99 /* PBXContainerItemProxy */;
		};
		A78F2E112B03EF2800DE5C99 /* PBXTargetDependency */ = {
			isa = PBXTargetDependency;
			target = A78F2DF22B03EF2600DE5C99 /* ExpenseTrack */;
			targetProxy = A78F2E102B03EF2800DE5C99 /* PBXContainerItemProxy */;
		};
/* End PBXTargetDependency section */

/* Begin XCBuildConfiguration section */
		A78F2E172B03EF2800DE5C99 /* Debug */ = {
			isa = XCBuildConfiguration;
			buildSettings = {
				ALWAYS_SEARCH_USER_PATHS = NO;
				ASSETCATALOG_COMPILER_GENERATE_SWIFT_ASSET_SYMBOL_EXTENSIONS = YES;
				CLANG_ANALYZER_NONNULL = YES;
				CLANG_ANALYZER_NUMBER_OBJECT_CONVERSION = YES_AGGRESSIVE;
				CLANG_CXX_LANGUAGE_STANDARD = "gnu++20";
				CLANG_ENABLE_MODULES = YES;
				CLANG_ENABLE_OBJC_ARC = YES;
				CLANG_ENABLE_OBJC_WEAK = YES;
				CLANG_WARN_BLOCK_CAPTURE_AUTORELEASING = YES;
				CLANG_WARN_BOOL_CONVERSION = YES;
				CLANG_WARN_COMMA = YES;
				CLANG_WARN_CONSTANT_CONVERSION = YES;
				CLANG_WARN_DEPRECATED_OBJC_IMPLEMENTATIONS = YES;
				CLANG_WARN_DIRECT_OBJC_ISA_USAGE = YES_ERROR;
				CLANG_WARN_DOCUMENTATION_COMMENTS = YES;
				CLANG_WARN_EMPTY_BODY = YES;
				CLANG_WARN_ENUM_CONVERSION = YES;
				CLANG_WARN_INFINITE_RECURSION = YES;
				CLANG_WARN_INT_CONVERSION = YES;
				CLANG_WARN_NON_LITERAL_NULL_CONVERSION = YES;
				CLANG_WARN_OBJC_IMPLICIT_RETAIN_SELF = YES;
				CLANG_WARN_OBJC_LITERAL_CONVERSION = YES;
				CLANG_WARN_OBJC_ROOT_CLASS = YES_ERROR;
				CLANG_WARN_QUOTED_INCLUDE_IN_FRAMEWORK_HEADER = YES;
				CLANG_WARN_RANGE_LOOP_ANALYSIS = YES;
				CLANG_WARN_STRICT_PROTOTYPES = YES;
				CLANG_WARN_SUSPICIOUS_MOVE = YES;
				CLANG_WARN_UNGUARDED_AVAILABILITY = YES_AGGRESSIVE;
				CLANG_WARN_UNREACHABLE_CODE = YES;
				CLANG_WARN__DUPLICATE_METHOD_MATCH = YES;
				COPY_PHASE_STRIP = NO;
				DEBUG_INFORMATION_FORMAT = dwarf;
				ENABLE_STRICT_OBJC_MSGSEND = YES;
				ENABLE_TESTABILITY = YES;
				ENABLE_USER_SCRIPT_SANDBOXING = YES;
				GCC_C_LANGUAGE_STANDARD = gnu17;
				GCC_DYNAMIC_NO_PIC = NO;
				GCC_NO_COMMON_BLOCKS = YES;
				GCC_OPTIMIZATION_LEVEL = 0;
				GCC_PREPROCESSOR_DEFINITIONS = (
					"DEBUG=1",
					"$(inherited)",
				);
				GCC_WARN_64_TO_32_BIT_CONVERSION = YES;
				GCC_WARN_ABOUT_RETURN_TYPE = YES_ERROR;
				GCC_WARN_UNDECLARED_SELECTOR = YES;
				GCC_WARN_UNINITIALIZED_AUTOS = YES_AGGRESSIVE;
				GCC_WARN_UNUSED_FUNCTION = YES;
				GCC_WARN_UNUSED_VARIABLE = YES;
				IPHONEOS_DEPLOYMENT_TARGET = 17.0;
				LOCALIZATION_PREFERS_STRING_CATALOGS = YES;
				MTL_ENABLE_DEBUG_INFO = INCLUDE_SOURCE;
				MTL_FAST_MATH = YES;
				ONLY_ACTIVE_ARCH = YES;
				SDKROOT = iphoneos;
				SWIFT_ACTIVE_COMPILATION_CONDITIONS = "DEBUG $(inherited)";
				SWIFT_OPTIMIZATION_LEVEL = "-Onone";
			};
			name = Debug;
		};
		A78F2E182B03EF2800DE5C99 /* Release */ = {
			isa = XCBuildConfiguration;
			buildSettings = {
				ALWAYS_SEARCH_USER_PATHS = NO;
				ASSETCATALOG_COMPILER_GENERATE_SWIFT_ASSET_SYMBOL_EXTENSIONS = YES;
				CLANG_ANALYZER_NONNULL = YES;
				CLANG_ANALYZER_NUMBER_OBJECT_CONVERSION = YES_AGGRESSIVE;
				CLANG_CXX_LANGUAGE_STANDARD = "gnu++20";
				CLANG_ENABLE_MODULES = YES;
				CLANG_ENABLE_OBJC_ARC = YES;
				CLANG_ENABLE_OBJC_WEAK = YES;
				CLANG_WARN_BLOCK_CAPTURE_AUTORELEASING = YES;
				CLANG_WARN_BOOL_CONVERSION = YES;
				CLANG_WARN_COMMA = YES;
				CLANG_WARN_CONSTANT_CONVERSION = YES;
				CLANG_WARN_DEPRECATED_OBJC_IMPLEMENTATIONS = YES;
				CLANG_WARN_DIRECT_OBJC_ISA_USAGE = YES_ERROR;
				CLANG_WARN_DOCUMENTATION_COMMENTS = YES;
				CLANG_WARN_EMPTY_BODY = YES;
				CLANG_WARN_ENUM_CONVERSION = YES;
				CLANG_WARN_INFINITE_RECURSION = YES;
				CLANG_WARN_INT_CONVERSION = YES;
				CLANG_WARN_NON_LITERAL_NULL_CONVERSION = YES;
				CLANG_WARN_OBJC_IMPLICIT_RETAIN_SELF = YES;
				CLANG_WARN_OBJC_LITERAL_CONVERSION = YES;
				CLANG_WARN_OBJC_ROOT_CLASS = YES_ERROR;
				CLANG_WARN_QUOTED_INCLUDE_IN_FRAMEWORK_HEADER = YES;
				CLANG_WARN_RANGE_LOOP_ANALYSIS = YES;
				CLANG_WARN_STRICT_PROTOTYPES = YES;
				CLANG_WARN_SUSPICIOUS_MOVE = YES;
				CLANG_WARN_UNGUARDED_AVAILABILITY = YES_AGGRESSIVE;
				CLANG_WARN_UNREACHABLE_CODE = YES;
				CLANG_WARN__DUPLICATE_METHOD_MATCH = YES;
				COPY_PHASE_STRIP = NO;
				DEBUG_INFORMATION_FORMAT = "dwarf-with-dsym";
				ENABLE_NS_ASSERTIONS = NO;
				ENABLE_STRICT_OBJC_MSGSEND = YES;
				ENABLE_USER_SCRIPT_SANDBOXING = YES;
				GCC_C_LANGUAGE_STANDARD = gnu17;
				GCC_NO_COMMON_BLOCKS = YES;
				GCC_WARN_64_TO_32_BIT_CONVERSION = YES;
				GCC_WARN_ABOUT_RETURN_TYPE = YES_ERROR;
				GCC_WARN_UNDECLARED_SELECTOR = YES;
				GCC_WARN_UNINITIALIZED_AUTOS = YES_AGGRESSIVE;
				GCC_WARN_UNUSED_FUNCTION = YES;
				GCC_WARN_UNUSED_VARIABLE = YES;
				IPHONEOS_DEPLOYMENT_TARGET = 17.0;
				LOCALIZATION_PREFERS_STRING_CATALOGS = YES;
				MTL_ENABLE_DEBUG_INFO = NO;
				MTL_FAST_MATH = YES;
				SDKROOT = iphoneos;
				SWIFT_COMPILATION_MODE = wholemodule;
				VALIDATE_PRODUCT = YES;
			};
			name = Release;
		};
		A78F2E1A2B03EF2800DE5C99 /* Debug */ = {
			isa = XCBuildConfiguration;
			buildSettings = {
				ASSETCATALOG_COMPILER_APPICON_NAME = AppIcon;
				ASSETCATALOG_COMPILER_GLOBAL_ACCENT_COLOR_NAME = AccentColor;
				CODE_SIGN_STYLE = Automatic;
				CURRENT_PROJECT_VERSION = 1;
				DEVELOPMENT_ASSET_PATHS = "\"ExpenseTrack/Preview Content\"";
				DEVELOPMENT_TEAM = W4ARXJL223;
				ENABLE_PREVIEWS = YES;
				GENERATE_INFOPLIST_FILE = YES;
				INFOPLIST_KEY_UIApplicationSceneManifest_Generation = YES;
				INFOPLIST_KEY_UIApplicationSupportsIndirectInputEvents = YES;
				INFOPLIST_KEY_UILaunchScreen_Generation = YES;
				INFOPLIST_KEY_UISupportedInterfaceOrientations_iPad = "UIInterfaceOrientationPortrait UIInterfaceOrientationPortraitUpsideDown UIInterfaceOrientationLandscapeLeft UIInterfaceOrientationLandscapeRight";
				INFOPLIST_KEY_UISupportedInterfaceOrientations_iPhone = "UIInterfaceOrientationPortrait UIInterfaceOrientationLandscapeLeft UIInterfaceOrientationLandscapeRight";
				LD_RUNPATH_SEARCH_PATHS = (
					"$(inherited)",
					"@executable_path/Frameworks",
				);
				MARKETING_VERSION = 1.0;
				PRODUCT_BUNDLE_IDENTIFIER = ketkarabhishek.ExpenseTrack;
				PRODUCT_NAME = "$(TARGET_NAME)";
				SWIFT_EMIT_LOC_STRINGS = YES;
				SWIFT_VERSION = 5.0;
				TARGETED_DEVICE_FAMILY = "1,2";
			};
			name = Debug;
		};
		A78F2E1B2B03EF2800DE5C99 /* Release */ = {
			isa = XCBuildConfiguration;
			buildSettings = {
				ASSETCATALOG_COMPILER_APPICON_NAME = AppIcon;
				ASSETCATALOG_COMPILER_GLOBAL_ACCENT_COLOR_NAME = AccentColor;
				CODE_SIGN_STYLE = Automatic;
				CURRENT_PROJECT_VERSION = 1;
				DEVELOPMENT_ASSET_PATHS = "\"ExpenseTrack/Preview Content\"";
				DEVELOPMENT_TEAM = W4ARXJL223;
				ENABLE_PREVIEWS = YES;
				GENERATE_INFOPLIST_FILE = YES;
				INFOPLIST_KEY_UIApplicationSceneManifest_Generation = YES;
				INFOPLIST_KEY_UIApplicationSupportsIndirectInputEvents = YES;
				INFOPLIST_KEY_UILaunchScreen_Generation = YES;
				INFOPLIST_KEY_UISupportedInterfaceOrientations_iPad = "UIInterfaceOrientationPortrait UIInterfaceOrientationPortraitUpsideDown UIInterfaceOrientationLandscapeLeft UIInterfaceOrientationLandscapeRight";
				INFOPLIST_KEY_UISupportedInterfaceOrientations_iPhone = "UIInterfaceOrientationPortrait UIInterfaceOrientationLandscapeLeft UIInterfaceOrientationLandscapeRight";
				LD_RUNPATH_SEARCH_PATHS = (
					"$(inherited)",
					"@executable_path/Frameworks",
				);
				MARKETING_VERSION = 1.0;
				PRODUCT_BUNDLE_IDENTIFIER = ketkarabhishek.ExpenseTrack;
				PRODUCT_NAME = "$(TARGET_NAME)";
				SWIFT_EMIT_LOC_STRINGS = YES;
				SWIFT_VERSION = 5.0;
				TARGETED_DEVICE_FAMILY = "1,2";
			};
			name = Release;
		};
		A78F2E1D2B03EF2800DE5C99 /* Debug */ = {
			isa = XCBuildConfiguration;
			buildSettings = {
				ALWAYS_EMBED_SWIFT_STANDARD_LIBRARIES = YES;
				BUNDLE_LOADER = "$(TEST_HOST)";
				CODE_SIGN_STYLE = Automatic;
				CURRENT_PROJECT_VERSION = 1;
				DEVELOPMENT_TEAM = W4ARXJL223;
				GENERATE_INFOPLIST_FILE = YES;
				IPHONEOS_DEPLOYMENT_TARGET = 17.0;
				MARKETING_VERSION = 1.0;
				PRODUCT_BUNDLE_IDENTIFIER = ketkarabhishek.ExpenseTrackTests;
				PRODUCT_NAME = "$(TARGET_NAME)";
				SWIFT_EMIT_LOC_STRINGS = NO;
				SWIFT_VERSION = 5.0;
				TARGETED_DEVICE_FAMILY = "1,2";
				TEST_HOST = "$(BUILT_PRODUCTS_DIR)/ExpenseTrack.app/$(BUNDLE_EXECUTABLE_FOLDER_PATH)/ExpenseTrack";
			};
			name = Debug;
		};
		A78F2E1E2B03EF2800DE5C99 /* Release */ = {
			isa = XCBuildConfiguration;
			buildSettings = {
				ALWAYS_EMBED_SWIFT_STANDARD_LIBRARIES = YES;
				BUNDLE_LOADER = "$(TEST_HOST)";
				CODE_SIGN_STYLE = Automatic;
				CURRENT_PROJECT_VERSION = 1;
				DEVELOPMENT_TEAM = W4ARXJL223;
				GENERATE_INFOPLIST_FILE = YES;
				IPHONEOS_DEPLOYMENT_TARGET = 17.0;
				MARKETING_VERSION = 1.0;
				PRODUCT_BUNDLE_IDENTIFIER = ketkarabhishek.ExpenseTrackTests;
				PRODUCT_NAME = "$(TARGET_NAME)";
				SWIFT_EMIT_LOC_STRINGS = NO;
				SWIFT_VERSION = 5.0;
				TARGETED_DEVICE_FAMILY = "1,2";
				TEST_HOST = "$(BUILT_PRODUCTS_DIR)/ExpenseTrack.app/$(BUNDLE_EXECUTABLE_FOLDER_PATH)/ExpenseTrack";
			};
			name = Release;
		};
		A78F2E202B03EF2800DE5C99 /* Debug */ = {
			isa = XCBuildConfiguration;
			buildSettings = {
				ALWAYS_EMBED_SWIFT_STANDARD_LIBRARIES = YES;
				CODE_SIGN_STYLE = Automatic;
				CURRENT_PROJECT_VERSION = 1;
				DEVELOPMENT_TEAM = W4ARXJL223;
				GENERATE_INFOPLIST_FILE = YES;
				MARKETING_VERSION = 1.0;
				PRODUCT_BUNDLE_IDENTIFIER = ketkarabhishek.ExpenseTrackUITests;
				PRODUCT_NAME = "$(TARGET_NAME)";
				SWIFT_EMIT_LOC_STRINGS = NO;
				SWIFT_VERSION = 5.0;
				TARGETED_DEVICE_FAMILY = "1,2";
				TEST_TARGET_NAME = ExpenseTrack;
			};
			name = Debug;
		};
		A78F2E212B03EF2800DE5C99 /* Release */ = {
			isa = XCBuildConfiguration;
			buildSettings = {
				ALWAYS_EMBED_SWIFT_STANDARD_LIBRARIES = YES;
				CODE_SIGN_STYLE = Automatic;
				CURRENT_PROJECT_VERSION = 1;
				DEVELOPMENT_TEAM = W4ARXJL223;
				GENERATE_INFOPLIST_FILE = YES;
				MARKETING_VERSION = 1.0;
				PRODUCT_BUNDLE_IDENTIFIER = ketkarabhishek.ExpenseTrackUITests;
				PRODUCT_NAME = "$(TARGET_NAME)";
				SWIFT_EMIT_LOC_STRINGS = NO;
				SWIFT_VERSION = 5.0;
				TARGETED_DEVICE_FAMILY = "1,2";
				TEST_TARGET_NAME = ExpenseTrack;
			};
			name = Release;
		};
/* End XCBuildConfiguration section */

/* Begin XCConfigurationList section */
		A78F2DEE2B03EF2600DE5C99 /* Build configuration list for PBXProject "ExpenseTrack" */ = {
			isa = XCConfigurationList;
			buildConfigurations = (
				A78F2E172B03EF2800DE5C99 /* Debug */,
				A78F2E182B03EF2800DE5C99 /* Release */,
			);
			defaultConfigurationIsVisible = 0;
			defaultConfigurationName = Release;
		};
		A78F2E192B03EF2800DE5C99 /* Build configuration list for PBXNativeTarget "ExpenseTrack" */ = {
			isa = XCConfigurationList;
			buildConfigurations = (
				A78F2E1A2B03EF2800DE5C99 /* Debug */,
				A78F2E1B2B03EF2800DE5C99 /* Release */,
			);
			defaultConfigurationIsVisible = 0;
			defaultConfigurationName = Release;
		};
		A78F2E1C2B03EF2800DE5C99 /* Build configuration list for PBXNativeTarget "ExpenseTrackTests" */ = {
			isa = XCConfigurationList;
			buildConfigurations = (
				A78F2E1D2B03EF2800DE5C99 /* Debug */,
				A78F2E1E2B03EF2800DE5C99 /* Release */,
			);
			defaultConfigurationIsVisible = 0;
			defaultConfigurationName = Release;
		};
		A78F2E1F2B03EF2800DE5C99 /* Build configuration list for PBXNativeTarget "ExpenseTrackUITests" */ = {
			isa = XCConfigurationList;
			buildConfigurations = (
				A78F2E202B03EF2800DE5C99 /* Debug */,
				A78F2E212B03EF2800DE5C99 /* Release */,
			);
			defaultConfigurationIsVisible = 0;
			defaultConfigurationName = Release;
		};
/* End XCConfigurationList section */
	};
	rootObject = A78F2DEB2B03EF2600DE5C99 /* Project object */;
}
